
Microsoft Visual Studio Solution File, Format Version 12.00
# Visual Studio Version 17
VisualStudioVersion = 17.7.34009.444
MinimumVisualStudioVersion = 10.0.40219.1
Project("{FAE04EC0-301F-11D3-BF4B-00C04F79EFBC}") = "StaySeoul_SS5API", "StaySeoul_SS5API\StaySeoul_SS5API.csproj", "{660779F5-74D8-47B4-AE30-5C46F66F2972}"
EndProject
Global
	GlobalSection(SolutionConfigurationPlatforms) = preSolution
		Debug|Any CPU = Debug|Any CPU
		Release|Any CPU = Release|Any CPU
	EndGlobalSection
	GlobalSection(ProjectConfigurationPlatforms) = postSolution
		{660779F5-74D8-47B4-AE30-5C46F66F2972}.Debug|Any CPU.ActiveCfg = Debug|Any CPU
		{660779F5-74D8-47B4-AE30-5C46F66F2972}.Debug|Any CPU.Build.0 = Debug|Any CPU
		{660779F5-74D8-47B4-AE30-5C46F66F2972}.Release|Any CPU.ActiveCfg = Release|Any CPU
		{660779F5-74D8-47B4-AE30-5C46F66F2972}.Release|Any CPU.Build.0 = Release|Any CPU
	EndGlobalSection
	GlobalSection(SolutionProperties) = preSolution
		HideSolutionNode = FALSE
	EndGlobalSection
	GlobalSection(ExtensibilityGlobals) = postSolution
		SolutionGuid = {E172C086-8835-416C-82E4-197CED1A48B9}
	EndGlobalSection
EndGlobal
